
Microsoft Visual Studio Solution File, Format Version 12.00
# Visual Studio Version 17
VisualStudioVersion = 17.0.32002.185
MinimumVisualStudioVersion = 10.0.40219.1
Project("{9A19103F-16F7-4668-BE54-9A1E7A4F7556}") = "MathMTS", "MathMTS\MathMTS.csproj", "{E1B24D82-C780-46EF-8C32-0FF6D3C32DF1}"
EndProject
Project("{9A19103F-16F7-4668-BE54-9A1E7A4F7556}") = "MathMtsTests", "MathMtsTests\MathMtsTests.csproj", "{BB57FFA5-38C4-4E81-AE09-22D34DB8A62B}"
EndProject
Global
	GlobalSection(SolutionConfigurationPlatforms) = preSolution
		Debug|Any CPU = Debug|Any CPU
		Release|Any CPU = Release|Any CPU
	EndGlobalSection
	GlobalSection(ProjectConfigurationPlatforms) = postSolution
		{E1B24D82-C780-46EF-8C32-0FF6D3C32DF1}.Debug|Any CPU.ActiveCfg = Debug|Any CPU
		{E1B24D82-C780-46EF-8C32-0FF6D3C32DF1}.Debug|Any CPU.Build.0 = Debug|Any CPU
		{E1B24D82-C780-46EF-8C32-0FF6D3C32DF1}.Release|Any CPU.ActiveCfg = Release|Any CPU
		{E1B24D82-C780-46EF-8C32-0FF6D3C32DF1}.Release|Any CPU.Build.0 = Release|Any CPU
		{BB57FFA5-38C4-4E81-AE09-22D34DB8A62B}.Debug|Any CPU.ActiveCfg = Debug|Any CPU
		{BB57FFA5-38C4-4E81-AE09-22D34DB8A62B}.Debug|Any CPU.Build.0 = Debug|Any CPU
		{BB57FFA5-38C4-4E81-AE09-22D34DB8A62B}.Release|Any CPU.ActiveCfg = Release|Any CPU
		{BB57FFA5-38C4-4E81-AE09-22D34DB8A62B}.Release|Any CPU.Build.0 = Release|Any CPU
	EndGlobalSection
	GlobalSection(SolutionProperties) = preSolution
		HideSolutionNode = FALSE
	EndGlobalSection
	GlobalSection(ExtensibilityGlobals) = postSolution
		SolutionGuid = {FF51A279-C272-4C1C-94E0-1F3379CF021B}
	EndGlobalSection
EndGlobal
