
Microsoft Visual Studio Solution File, Format Version 12.00
# Visual Studio Version 17
VisualStudioVersion = 17.0.32002.185
MinimumVisualStudioVersion = 10.0.40219.1
Project("{9A19103F-16F7-4668-BE54-9A1E7A4F7556}") = "Matrizen", "Matrizen\Matrizen.csproj", "{8AF34B61-75D0-4229-A5D0-15F08A8ADBFB}"
EndProject
Project("{FAE04EC0-301F-11D3-BF4B-00C04F79EFBC}") = "AlgebraTest", "AlgebraTest\AlgebraTest.csproj", "{20D2E5F2-975C-48F5-BAA9-A73A07C36E8B}"
EndProject
Global
	GlobalSection(SolutionConfigurationPlatforms) = preSolution
		Debug|Any CPU = Debug|Any CPU
		Release|Any CPU = Release|Any CPU
	EndGlobalSection
	GlobalSection(ProjectConfigurationPlatforms) = postSolution
		{8AF34B61-75D0-4229-A5D0-15F08A8ADBFB}.Debug|Any CPU.ActiveCfg = Debug|Any CPU
		{8AF34B61-75D0-4229-A5D0-15F08A8ADBFB}.Debug|Any CPU.Build.0 = Debug|Any CPU
		{8AF34B61-75D0-4229-A5D0-15F08A8ADBFB}.Release|Any CPU.ActiveCfg = Release|Any CPU
		{8AF34B61-75D0-4229-A5D0-15F08A8ADBFB}.Release|Any CPU.Build.0 = Release|Any CPU
		{20D2E5F2-975C-48F5-BAA9-A73A07C36E8B}.Debug|Any CPU.ActiveCfg = Debug|Any CPU
		{20D2E5F2-975C-48F5-BAA9-A73A07C36E8B}.Debug|Any CPU.Build.0 = Debug|Any CPU
		{20D2E5F2-975C-48F5-BAA9-A73A07C36E8B}.Release|Any CPU.ActiveCfg = Release|Any CPU
		{20D2E5F2-975C-48F5-BAA9-A73A07C36E8B}.Release|Any CPU.Build.0 = Release|Any CPU
	EndGlobalSection
	GlobalSection(SolutionProperties) = preSolution
		HideSolutionNode = FALSE
	EndGlobalSection
	GlobalSection(ExtensibilityGlobals) = postSolution
		SolutionGuid = {FF51A279-C272-4C1C-94E0-1F3379CF021B}
	EndGlobalSection
EndGlobal
