
Microsoft Visual Studio Solution File, Format Version 12.00
# Visual Studio Version 17
VisualStudioVersion = 17.0.32002.185
MinimumVisualStudioVersion = 10.0.40219.1
Project("{FAE04EC0-301F-11D3-BF4B-00C04F79EFBC}") = "AlgebraTest", "AlgebraTest\AlgebraTest.csproj", "{20D2E5F2-975C-48F5-BAA9-A73A07C36E8B}"
EndProject
Project("{FAE04EC0-301F-11D3-BF4B-00C04F79EFBC}") = "MathMTS", "MathMTS\MathMTS.csproj", "{E1B24D82-C780-46EF-8C32-0FF6D3C32DF1}"
EndProject
Global
	GlobalSection(SolutionConfigurationPlatforms) = preSolution
		Debug|Any CPU = Debug|Any CPU
		Release|Any CPU = Release|Any CPU
	EndGlobalSection
	GlobalSection(ProjectConfigurationPlatforms) = postSolution
		{20D2E5F2-975C-48F5-BAA9-A73A07C36E8B}.Debug|Any CPU.ActiveCfg = Debug|Any CPU
		{20D2E5F2-975C-48F5-BAA9-A73A07C36E8B}.Debug|Any CPU.Build.0 = Debug|Any CPU
		{20D2E5F2-975C-48F5-BAA9-A73A07C36E8B}.Release|Any CPU.ActiveCfg = Release|Any CPU
		{20D2E5F2-975C-48F5-BAA9-A73A07C36E8B}.Release|Any CPU.Build.0 = Release|Any CPU
		{E1B24D82-C780-46EF-8C32-0FF6D3C32DF1}.Debug|Any CPU.ActiveCfg = Debug|Any CPU
		{E1B24D82-C780-46EF-8C32-0FF6D3C32DF1}.Debug|Any CPU.Build.0 = Debug|Any CPU
		{E1B24D82-C780-46EF-8C32-0FF6D3C32DF1}.Release|Any CPU.ActiveCfg = Release|Any CPU
		{E1B24D82-C780-46EF-8C32-0FF6D3C32DF1}.Release|Any CPU.Build.0 = Release|Any CPU
	EndGlobalSection
	GlobalSection(SolutionProperties) = preSolution
		HideSolutionNode = FALSE
	EndGlobalSection
	GlobalSection(ExtensibilityGlobals) = postSolution
		SolutionGuid = {FF51A279-C272-4C1C-94E0-1F3379CF021B}
	EndGlobalSection
EndGlobal
